{
    "_readme": [
        "This file locks the dependencies of your project to a known state",
        "Read more about it at https://getcomposer.org/doc/01-basic-usage.md#installing-dependencies",
        "This file is @generated automatically"
    ],
    "content-hash": "62262aab72f7946a6d34f442e6d61cba",
    "packages": [
        {
            "name": "brick/phonenumber",
            "version": "0.8.0",
            "source": {
                "type": "git",
                "url": "https://github.com/brick/phonenumber.git",
                "reference": "80bb9db0fac8d1fa9befc7a6ab9d80e742aa853b"
            },
            "dist": {
                "type": "zip",
                "url": "https://api.github.com/repos/brick/phonenumber/zipball/80bb9db0fac8d1fa9befc7a6ab9d80e742aa853b",
                "reference": "80bb9db0fac8d1fa9befc7a6ab9d80e742aa853b",
                "shasum": ""
            },
            "require": {
                "giggsey/libphonenumber-for-php": "^9.0",
                "php": "^8.1"
            },
            "require-dev": {
                "php-coveralls/php-coveralls": "^2.0",
                "phpunit/phpunit": "^10.4",
                "vimeo/psalm": "6.8.6"
            },
            "type": "library",
            "autoload": {
                "psr-4": {
                    "Brick\\PhoneNumber\\": "src/"
                }
            },
            "notification-url": "https://packagist.org/downloads/",
            "license": [
                "MIT"
            ],
            "description": "Phone number library",
            "keywords": [
                "brick",
                "phone",
                "phone number",
                "phonenumber"
            ],
            "support": {
                "issues": "https://github.com/brick/phonenumber/issues",
                "source": "https://github.com/brick/phonenumber/tree/0.8.0"
            },
            "funding": [
                {
                    "url": "https://github.com/BenMorel",
                    "type": "github"
                }
            ],
            "time": "2025-03-20T12:59:09+00:00"
        },
        {
            "name": "ccv/images",
            "version": "1.1.4",
            "source": {
                "type": "git",
                "url": "https://github.com/CCV/ccvonlinepayments-images.git",
                "reference": "467be685b9c71c96cfe7ec654cec49e8b0ea81e0"
            },
            "dist": {
                "type": "zip",
                "url": "https://api.github.com/repos/CCV/ccvonlinepayments-images/zipball/467be685b9c71c96cfe7ec654cec49e8b0ea81e0",
                "reference": "467be685b9c71c96cfe7ec654cec49e8b0ea81e0",
                "shasum": ""
            },
            "type": "library",
            "notification-url": "https://packagist.org/downloads/",
            "license": [
                "MIT"
            ],
            "description": "Payment resources library used by the official CCV Payment Services plugins",
            "homepage": "https://github.com/CCV/ccvonlinepayments-images",
            "keywords": [
                "ccv",
                "library",
                "payments",
                "resources"
            ],
            "support": {
                "issues": "https://github.com/CCV/ccvonlinepayments-images/issues",
                "source": "https://github.com/CCV/ccvonlinepayments-images/tree/v1.1.4"
            },
            "time": "2024-07-29T08:31:33+00:00"
        },
        {
            "name": "ccv/php-lib",
            "version": "2.0.0",
            "source": {
                "type": "git",
                "url": "https://github.com/CCV/ccvonlinepayments-php-lib.git",
                "reference": "bf65db38ee4031897810a75a1de805796cf29dd7"
            },
            "dist": {
                "type": "zip",
                "url": "https://api.github.com/repos/CCV/ccvonlinepayments-php-lib/zipball/bf65db38ee4031897810a75a1de805796cf29dd7",
                "reference": "bf65db38ee4031897810a75a1de805796cf29dd7",
                "shasum": ""
            },
            "require": {
                "brick/phonenumber": "^0.8",
                "ext-curl": "*",
                "ext-json": "*",
                "php": ">=8.1.0",
                "php-curl-class/php-curl-class": "^12",
                "psr/log": "^1|^2|^3"
            },
            "require-dev": {
                "phpstan/phpstan": "^2.1"
            },
            "type": "library",
            "autoload": {
                "psr-4": {
                    "CCVOnlinePayments\\Lib\\": "src/"
                }
            },
            "notification-url": "https://packagist.org/downloads/",
            "license": [
                "MIT"
            ],
            "description": "Payment PHP library used by the official CCV Payment Services plugins",
            "homepage": "https://github.com/CCV/ccvonlinepayments-php-lib",
            "keywords": [
                "ccv",
                "library",
                "payments",
                "php"
            ],
            "support": {
                "issues": "https://github.com/CCV/ccvonlinepayments-php-lib/issues",
                "source": "https://github.com/CCV/ccvonlinepayments-php-lib/tree/v2.0.0"
            },
            "time": "2025-08-04T09:27:35+00:00"
        },
        {
            "name": "giggsey/libphonenumber-for-php",
            "version": "9.0.10",
            "source": {
                "type": "git",
                "url": "https://github.com/giggsey/libphonenumber-for-php.git",
                "reference": "727af7896f37194f7417def96b2140481668a28c"
            },
            "dist": {
                "type": "zip",
                "url": "https://api.github.com/repos/giggsey/libphonenumber-for-php/zipball/727af7896f37194f7417def96b2140481668a28c",
                "reference": "727af7896f37194f7417def96b2140481668a28c",
                "shasum": ""
            },
            "require": {
                "giggsey/locale": "^2.7",
                "php": "^8.1",
                "symfony/polyfill-mbstring": "^1.31"
            },
            "replace": {
                "giggsey/libphonenumber-for-php-lite": "self.version"
            },
            "require-dev": {
                "ext-dom": "*",
                "friendsofphp/php-cs-fixer": "^3.71",
                "infection/infection": "^0.28.0",
                "nette/php-generator": "^4.1",
                "php-coveralls/php-coveralls": "^2.7",
                "phpstan/extension-installer": "^1.4.3",
                "phpstan/phpstan": "^2.1.7",
                "phpstan/phpstan-deprecation-rules": "^2.0.1",
                "phpstan/phpstan-phpunit": "^2.0.4",
                "phpstan/phpstan-strict-rules": "^2.0.3",
                "phpunit/phpunit": "^10.5.45",
                "symfony/console": "^6.4",
                "symfony/filesystem": "^6.4",
                "symfony/process": "^6.4"
            },
            "type": "library",
            "extra": {
                "branch-alias": {
                    "dev-master": "9.x-dev"
                }
            },
            "autoload": {
                "psr-4": {
                    "libphonenumber\\": "src/"
                }
            },
            "notification-url": "https://packagist.org/downloads/",
            "license": [
                "Apache-2.0"
            ],
            "authors": [
                {
                    "name": "Joshua Gigg",
                    "email": "giggsey@gmail.com",
                    "homepage": "https://giggsey.com/"
                }
            ],
            "description": "A library for parsing, formatting, storing and validating international phone numbers, a PHP Port of Google's libphonenumber.",
            "homepage": "https://github.com/giggsey/libphonenumber-for-php",
            "keywords": [
                "geocoding",
                "geolocation",
                "libphonenumber",
                "mobile",
                "phonenumber",
                "validation"
            ],
            "support": {
                "issues": "https://github.com/giggsey/libphonenumber-for-php/issues",
                "source": "https://github.com/giggsey/libphonenumber-for-php"
            },
            "time": "2025-07-18T06:47:04+00:00"
        },
        {
            "name": "giggsey/locale",
            "version": "2.8.0",
            "source": {
                "type": "git",
                "url": "https://github.com/giggsey/Locale.git",
                "reference": "1cd8b3ad2d43e04f4c2c6a240495af44780f809b"
            },
            "dist": {
                "type": "zip",
                "url": "https://api.github.com/repos/giggsey/Locale/zipball/1cd8b3ad2d43e04f4c2c6a240495af44780f809b",
                "reference": "1cd8b3ad2d43e04f4c2c6a240495af44780f809b",
                "shasum": ""
            },
            "require": {
                "php": "^8.1"
            },
            "require-dev": {
                "ext-json": "*",
                "friendsofphp/php-cs-fixer": "^3.66",
                "pear/pear-core-minimal": "^1.10",
                "pear/pear_exception": "^1.0",
                "pear/versioncontrol_git": "^0.5",
                "phing/phing": "^2.17.4",
                "php-coveralls/php-coveralls": "^2.7",
                "phpunit/phpunit": "^10.5.45",
                "symfony/console": "^6.4",
                "symfony/filesystem": "6.4",
                "symfony/finder": "^6.4",
                "symfony/process": "^6.4",
                "symfony/var-exporter": "^6.4"
            },
            "type": "library",
            "autoload": {
                "psr-4": {
                    "Giggsey\\Locale\\": "src/"
                }
            },
            "notification-url": "https://packagist.org/downloads/",
            "license": [
                "MIT"
            ],
            "authors": [
                {
                    "name": "Joshua Gigg",
                    "email": "giggsey@gmail.com",
                    "homepage": "https://giggsey.com/"
                }
            ],
            "description": "Locale functions required by libphonenumber-for-php",
            "support": {
                "issues": "https://github.com/giggsey/Locale/issues",
                "source": "https://github.com/giggsey/Locale/tree/2.8.0"
            },
            "time": "2025-03-20T14:25:27+00:00"
        },
        {
            "name": "php-curl-class/php-curl-class",
            "version": "12.0.0",
            "source": {
                "type": "git",
                "url": "https://github.com/php-curl-class/php-curl-class.git",
                "reference": "7a8f05efb18bb865dbce864b8fd34d4f5d920c74"
            },
            "dist": {
                "type": "zip",
                "url": "https://api.github.com/repos/php-curl-class/php-curl-class/zipball/7a8f05efb18bb865dbce864b8fd34d4f5d920c74",
                "reference": "7a8f05efb18bb865dbce864b8fd34d4f5d920c74",
                "shasum": ""
            },
            "require": {
                "ext-curl": "*",
                "php": ">=8.0"
            },
            "require-dev": {
                "dealerdirect/phpcodesniffer-composer-installer": "*",
                "ext-gd": "*",
                "friendsofphp/php-cs-fixer": "*",
                "phpcompatibility/php-compatibility": "dev-develop",
                "phpcsstandards/phpcsutils": "@alpha",
                "phpstan/phpstan": "*",
                "phpunit/phpunit": "*",
                "squizlabs/php_codesniffer": "*"
            },
            "suggest": {
                "ext-mbstring": "*"
            },
            "type": "library",
            "autoload": {
                "psr-4": {
                    "Curl\\": "src/Curl/"
                }
            },
            "notification-url": "https://packagist.org/downloads/",
            "license": [
                "Unlicense"
            ],
            "authors": [
                {
                    "name": "Zach Borboa"
                },
                {
                    "name": "Contributors",
                    "homepage": "https://github.com/php-curl-class/php-curl-class/graphs/contributors"
                }
            ],
            "description": "PHP Curl Class makes it easy to send HTTP requests and integrate with web APIs.",
            "homepage": "https://github.com/php-curl-class/php-curl-class",
            "keywords": [
                "API-Client",
                "api",
                "class",
                "client",
                "curl",
                "framework",
                "http",
                "http-client",
                "http-proxy",
                "json",
                "php",
                "php-curl",
                "php-curl-library",
                "proxy",
                "requests",
                "restful",
                "web-scraper",
                "web-scraping ",
                "web-service",
                "xml"
            ],
            "support": {
                "issues": "https://github.com/php-curl-class/php-curl-class/issues",
                "source": "https://github.com/php-curl-class/php-curl-class/tree/12.0.0"
            },
            "time": "2025-03-25T18:04:16+00:00"
        },
        {
            "name": "psr/log",
            "version": "3.0.2",
            "source": {
                "type": "git",
                "url": "https://github.com/php-fig/log.git",
                "reference": "f16e1d5863e37f8d8c2a01719f5b34baa2b714d3"
            },
            "dist": {
                "type": "zip",
                "url": "https://api.github.com/repos/php-fig/log/zipball/f16e1d5863e37f8d8c2a01719f5b34baa2b714d3",
                "reference": "f16e1d5863e37f8d8c2a01719f5b34baa2b714d3",
                "shasum": ""
            },
            "require": {
                "php": ">=8.0.0"
            },
            "type": "library",
            "extra": {
                "branch-alias": {
                    "dev-master": "3.x-dev"
                }
            },
            "autoload": {
                "psr-4": {
                    "Psr\\Log\\": "src"
                }
            },
            "notification-url": "https://packagist.org/downloads/",
            "license": [
                "MIT"
            ],
            "authors": [
                {
                    "name": "PHP-FIG",
                    "homepage": "https://www.php-fig.org/"
                }
            ],
            "description": "Common interface for logging libraries",
            "homepage": "https://github.com/php-fig/log",
            "keywords": [
                "log",
                "psr",
                "psr-3"
            ],
            "support": {
                "source": "https://github.com/php-fig/log/tree/3.0.2"
            },
            "time": "2024-09-11T13:17:53+00:00"
        },
        {
            "name": "symfony/polyfill-mbstring",
            "version": "v1.32.0",
            "source": {
                "type": "git",
                "url": "https://github.com/symfony/polyfill-mbstring.git",
                "reference": "6d857f4d76bd4b343eac26d6b539585d2bc56493"
            },
            "dist": {
                "type": "zip",
                "url": "https://api.github.com/repos/symfony/polyfill-mbstring/zipball/6d857f4d76bd4b343eac26d6b539585d2bc56493",
                "reference": "6d857f4d76bd4b343eac26d6b539585d2bc56493",
                "shasum": ""
            },
            "require": {
                "ext-iconv": "*",
                "php": ">=7.2"
            },
            "provide": {
                "ext-mbstring": "*"
            },
            "suggest": {
                "ext-mbstring": "For best performance"
            },
            "type": "library",
            "extra": {
                "thanks": {
                    "url": "https://github.com/symfony/polyfill",
                    "name": "symfony/polyfill"
                }
            },
            "autoload": {
                "files": [
                    "bootstrap.php"
                ],
                "psr-4": {
                    "Symfony\\Polyfill\\Mbstring\\": ""
                }
            },
            "notification-url": "https://packagist.org/downloads/",
            "license": [
                "MIT"
            ],
            "authors": [
                {
                    "name": "Nicolas Grekas",
                    "email": "p@tchwork.com"
                },
                {
                    "name": "Symfony Community",
                    "homepage": "https://symfony.com/contributors"
                }
            ],
            "description": "Symfony polyfill for the Mbstring extension",
            "homepage": "https://symfony.com",
            "keywords": [
                "compatibility",
                "mbstring",
                "polyfill",
                "portable",
                "shim"
            ],
            "support": {
                "source": "https://github.com/symfony/polyfill-mbstring/tree/v1.32.0"
            },
            "funding": [
                {
                    "url": "https://symfony.com/sponsor",
                    "type": "custom"
                },
                {
                    "url": "https://github.com/fabpot",
                    "type": "github"
                },
                {
                    "url": "https://tidelift.com/funding/github/packagist/symfony/symfony",
                    "type": "tidelift"
                }
            ],
            "time": "2024-12-23T08:48:59+00:00"
        }
    ],
    "packages-dev": [
        {
            "name": "php-stubs/woocommerce-stubs",
            "version": "v10.0.2",
            "source": {
                "type": "git",
                "url": "https://github.com/php-stubs/woocommerce-stubs.git",
                "reference": "54123e2fa2a07b11d03fe15f27fb7a64d970a9df"
            },
            "dist": {
                "type": "zip",
                "url": "https://api.github.com/repos/php-stubs/woocommerce-stubs/zipball/54123e2fa2a07b11d03fe15f27fb7a64d970a9df",
                "reference": "54123e2fa2a07b11d03fe15f27fb7a64d970a9df",
                "shasum": ""
            },
            "require": {
                "php-stubs/wordpress-stubs": "^5.3 || ^6.0"
            },
            "require-dev": {
                "php": "~7.1 || ~8.0",
                "php-stubs/generator": "^0.8.0"
            },
            "suggest": {
                "symfony/polyfill-php73": "Symfony polyfill backporting some PHP 7.3+ features to lower PHP versions",
                "szepeviktor/phpstan-wordpress": "WordPress extensions for PHPStan"
            },
            "type": "library",
            "notification-url": "https://packagist.org/downloads/",
            "license": [
                "MIT"
            ],
            "description": "WooCommerce function and class declaration stubs for static analysis.",
            "homepage": "https://github.com/php-stubs/woocommerce-stubs",
            "keywords": [
                "PHPStan",
                "static analysis",
                "woocommerce",
                "wordpress"
            ],
            "support": {
                "issues": "https://github.com/php-stubs/woocommerce-stubs/issues",
                "source": "https://github.com/php-stubs/woocommerce-stubs/tree/v10.0.2"
            },
            "time": "2025-07-14T17:13:11+00:00"
        },
        {
            "name": "php-stubs/wordpress-stubs",
            "version": "v6.8.2",
            "source": {
                "type": "git",
                "url": "https://github.com/php-stubs/wordpress-stubs.git",
                "reference": "9c8e22e437463197c1ec0d5eaa9ddd4a0eb6d7f8"
            },
            "dist": {
                "type": "zip",
                "url": "https://api.github.com/repos/php-stubs/wordpress-stubs/zipball/9c8e22e437463197c1ec0d5eaa9ddd4a0eb6d7f8",
                "reference": "9c8e22e437463197c1ec0d5eaa9ddd4a0eb6d7f8",
                "shasum": ""
            },
            "conflict": {
                "phpdocumentor/reflection-docblock": "5.6.1"
            },
            "require-dev": {
                "dealerdirect/phpcodesniffer-composer-installer": "^1.0",
                "nikic/php-parser": "^5.5",
                "php": "^7.4 || ^8.0",
                "php-stubs/generator": "^0.8.3",
                "phpdocumentor/reflection-docblock": "^5.4.1",
                "phpstan/phpstan": "^2.1",
                "phpunit/phpunit": "^9.5",
                "szepeviktor/phpcs-psr-12-neutron-hybrid-ruleset": "^1.1.1",
                "wp-coding-standards/wpcs": "3.1.0 as 2.3.0"
            },
            "suggest": {
                "paragonie/sodium_compat": "Pure PHP implementation of libsodium",
                "symfony/polyfill-php80": "Symfony polyfill backporting some PHP 8.0+ features to lower PHP versions",
                "szepeviktor/phpstan-wordpress": "WordPress extensions for PHPStan"
            },
            "type": "library",
            "notification-url": "https://packagist.org/downloads/",
            "license": [
                "MIT"
            ],
            "description": "WordPress function and class declaration stubs for static analysis.",
            "homepage": "https://github.com/php-stubs/wordpress-stubs",
            "keywords": [
                "PHPStan",
                "static analysis",
                "wordpress"
            ],
            "support": {
                "issues": "https://github.com/php-stubs/wordpress-stubs/issues",
                "source": "https://github.com/php-stubs/wordpress-stubs/tree/v6.8.2"
            },
            "time": "2025-07-16T06:41:00+00:00"
        },
        {
            "name": "phpstan/phpstan",
            "version": "2.1.18",
            "source": {
                "type": "git",
                "url": "https://github.com/phpstan/phpstan.git",
                "reference": "ee1f390b7a70cdf74a2b737e554f68afea885db7"
            },
            "dist": {
                "type": "zip",
                "url": "https://api.github.com/repos/phpstan/phpstan/zipball/ee1f390b7a70cdf74a2b737e554f68afea885db7",
                "reference": "ee1f390b7a70cdf74a2b737e554f68afea885db7",
                "shasum": ""
            },
            "require": {
                "php": "^7.4|^8.0"
            },
            "conflict": {
                "phpstan/phpstan-shim": "*"
            },
            "bin": [
                "phpstan",
                "phpstan.phar"
            ],
            "type": "library",
            "autoload": {
                "files": [
                    "bootstrap.php"
                ]
            },
            "notification-url": "https://packagist.org/downloads/",
            "license": [
                "MIT"
            ],
            "description": "PHPStan - PHP Static Analysis Tool",
            "keywords": [
                "dev",
                "static analysis"
            ],
            "support": {
                "docs": "https://phpstan.org/user-guide/getting-started",
                "forum": "https://github.com/phpstan/phpstan/discussions",
                "issues": "https://github.com/phpstan/phpstan/issues",
                "security": "https://github.com/phpstan/phpstan/security/policy",
                "source": "https://github.com/phpstan/phpstan-src"
            },
            "funding": [
                {
                    "url": "https://github.com/ondrejmirtes",
                    "type": "github"
                },
                {
                    "url": "https://github.com/phpstan",
                    "type": "github"
                }
            ],
            "time": "2025-07-17T17:22:31+00:00"
        },
        {
            "name": "szepeviktor/phpstan-wordpress",
            "version": "v2.0.2",
            "source": {
                "type": "git",
                "url": "https://github.com/szepeviktor/phpstan-wordpress.git",
                "reference": "963887b04c21fe7ac78e61c1351f8b00fff9f8f8"
            },
            "dist": {
                "type": "zip",
                "url": "https://api.github.com/repos/szepeviktor/phpstan-wordpress/zipball/963887b04c21fe7ac78e61c1351f8b00fff9f8f8",
                "reference": "963887b04c21fe7ac78e61c1351f8b00fff9f8f8",
                "shasum": ""
            },
            "require": {
                "php": "^7.4 || ^8.0",
                "php-stubs/wordpress-stubs": "^6.6.2",
                "phpstan/phpstan": "^2.0"
            },
            "require-dev": {
                "composer/composer": "^2.1.14",
                "dealerdirect/phpcodesniffer-composer-installer": "^1.0",
                "php-parallel-lint/php-parallel-lint": "^1.1",
                "phpstan/phpstan-strict-rules": "^2.0",
                "phpunit/phpunit": "^9.0",
                "szepeviktor/phpcs-psr-12-neutron-hybrid-ruleset": "^1.0",
                "wp-coding-standards/wpcs": "3.1.0 as 2.3.0"
            },
            "suggest": {
                "swissspidy/phpstan-no-private": "Detect usage of internal core functions, classes and methods"
            },
            "type": "phpstan-extension",
            "extra": {
                "phpstan": {
                    "includes": [
                        "extension.neon"
                    ]
                }
            },
            "autoload": {
                "psr-4": {
                    "SzepeViktor\\PHPStan\\WordPress\\": "src/"
                }
            },
            "notification-url": "https://packagist.org/downloads/",
            "license": [
                "MIT"
            ],
            "description": "WordPress extensions for PHPStan",
            "keywords": [
                "PHPStan",
                "code analyse",
                "code analysis",
                "static analysis",
                "wordpress"
            ],
            "support": {
                "issues": "https://github.com/szepeviktor/phpstan-wordpress/issues",
                "source": "https://github.com/szepeviktor/phpstan-wordpress/tree/v2.0.2"
            },
            "time": "2025-02-12T18:43:37+00:00"
        }
    ],
    "aliases": [],
    "minimum-stability": "stable",
    "stability-flags": {},
    "prefer-stable": false,
    "prefer-lowest": false,
    "platform": {},
    "platform-dev": {},
    "plugin-api-version": "2.6.0"
}
