{
    "_readme": [
        "This file locks the dependencies of your project to a known state",
        "Read more about it at https://getcomposer.org/doc/01-basic-usage.md#installing-dependencies",
        "This file is @generated automatically"
    ],
    "content-hash": "4c6e487b7fff98fc0277a51a4bf1f6fd",
    "packages": [
        {
            "name": "brick/phonenumber",
            "version": "0.6.0",
            "source": {
                "type": "git",
                "url": "https://github.com/brick/phonenumber.git",
                "reference": "66331c3db851544a76908b83b8a250a738690c14"
            },
            "dist": {
                "type": "zip",
                "url": "https://api.github.com/repos/brick/phonenumber/zipball/66331c3db851544a76908b83b8a250a738690c14",
                "reference": "66331c3db851544a76908b83b8a250a738690c14",
                "shasum": ""
            },
            "require": {
                "giggsey/libphonenumber-for-php": "^7.0 || ^8.0",
                "php": "^8.1"
            },
            "require-dev": {
                "php-coveralls/php-coveralls": "^2.0",
                "phpunit/phpunit": "^10.4",
                "vimeo/psalm": "5.16.0"
            },
            "type": "library",
            "autoload": {
                "psr-4": {
                    "Brick\\PhoneNumber\\": "src/"
                }
            },
            "notification-url": "https://packagist.org/downloads/",
            "license": [
                "MIT"
            ],
            "description": "Phone number library",
            "keywords": [
                "brick",
                "phone",
                "phone number",
                "phonenumber"
            ],
            "support": {
                "issues": "https://github.com/brick/phonenumber/issues",
                "source": "https://github.com/brick/phonenumber/tree/0.6.0"
            },
            "funding": [
                {
                    "url": "https://github.com/BenMorel",
                    "type": "github"
                }
            ],
            "time": "2023-11-26T21:57:45+00:00"
        },
        {
            "name": "ccv/php-lib",
            "version": "1.4.0",
            "dist": {
                "type": "path",
                "url": "../lib",
                "reference": "2378ffb1f4874bd4ae5759fafb53f4346ea5635d"
            },
            "require": {
                "brick/phonenumber": "^0.6",
                "ext-curl": "*",
                "ext-json": "*",
                "php": ">=8.1.0",
                "php-curl-class/php-curl-class": "^11",
                "psr/log": "^1|^2|^3"
            },
            "type": "library",
            "autoload": {
                "psr-4": {
                    "CCVOnlinePayments\\Lib\\": "src/"
                }
            },
            "license": [
                "MIT"
            ],
            "description": "Payment PHP library used by the official CCV Payment Services plugins",
            "homepage": "https://github.com/CCV/ccvonlinepayments-php-lib",
            "keywords": [
                "ccv",
                "library",
                "payments",
                "php"
            ],
            "transport-options": {
                "relative": true
            }
        },
        {
            "name": "giggsey/libphonenumber-for-php",
            "version": "8.13.52",
            "source": {
                "type": "git",
                "url": "https://github.com/giggsey/libphonenumber-for-php.git",
                "reference": "cc9a82b237d79a85be47c0b06e3943f75ab35c32"
            },
            "dist": {
                "type": "zip",
                "url": "https://api.github.com/repos/giggsey/libphonenumber-for-php/zipball/cc9a82b237d79a85be47c0b06e3943f75ab35c32",
                "reference": "cc9a82b237d79a85be47c0b06e3943f75ab35c32",
                "shasum": ""
            },
            "require": {
                "giggsey/locale": "^2.0",
                "php": "^7.4|^8.0",
                "symfony/polyfill-mbstring": "^1.17"
            },
            "replace": {
                "giggsey/libphonenumber-for-php-lite": "self.version"
            },
            "require-dev": {
                "friendsofphp/php-cs-fixer": "^3.64",
                "pear/pear-core-minimal": "^1.10",
                "pear/pear_exception": "^1.0",
                "pear/versioncontrol_git": "^0.7",
                "phing/phing": "^3.0",
                "php-coveralls/php-coveralls": "^2.0",
                "phpunit/phpunit": "^9.6",
                "symfony/console": "^v5.2",
                "symfony/var-exporter": "^5.2"
            },
            "type": "library",
            "extra": {
                "branch-alias": {
                    "dev-master": "8.x-dev"
                }
            },
            "autoload": {
                "psr-4": {
                    "libphonenumber\\": "src/"
                },
                "exclude-from-classmap": [
                    "/src/data/",
                    "/src/carrier/data/",
                    "/src/geocoding/data/",
                    "/src/timezone/data/"
                ]
            },
            "notification-url": "https://packagist.org/downloads/",
            "license": [
                "Apache-2.0"
            ],
            "authors": [
                {
                    "name": "Joshua Gigg",
                    "email": "giggsey@gmail.com",
                    "homepage": "https://giggsey.com/"
                }
            ],
            "description": "PHP Port of Google's libphonenumber",
            "homepage": "https://github.com/giggsey/libphonenumber-for-php",
            "keywords": [
                "geocoding",
                "geolocation",
                "libphonenumber",
                "mobile",
                "phonenumber",
                "validation"
            ],
            "support": {
                "issues": "https://github.com/giggsey/libphonenumber-for-php/issues",
                "source": "https://github.com/giggsey/libphonenumber-for-php"
            },
            "time": "2024-12-13T09:08:43+00:00"
        },
        {
            "name": "giggsey/locale",
            "version": "2.7.0",
            "source": {
                "type": "git",
                "url": "https://github.com/giggsey/Locale.git",
                "reference": "a5c65ea3c2630f27ccb78977990eefbee6dd8f97"
            },
            "dist": {
                "type": "zip",
                "url": "https://api.github.com/repos/giggsey/Locale/zipball/a5c65ea3c2630f27ccb78977990eefbee6dd8f97",
                "reference": "a5c65ea3c2630f27ccb78977990eefbee6dd8f97",
                "shasum": ""
            },
            "require": {
                "php": "^7.4|^8.0"
            },
            "require-dev": {
                "ext-json": "*",
                "friendsofphp/php-cs-fixer": "^3.64",
                "pear/pear-core-minimal": "^1.9",
                "pear/pear_exception": "^1.0",
                "pear/versioncontrol_git": "^0.5",
                "phing/phing": "^2.7",
                "php-coveralls/php-coveralls": "^2.0",
                "phpunit/phpunit": "^8.5|^9.5",
                "symfony/console": "^5.0|^6.0",
                "symfony/filesystem": "^5.0|^6.0",
                "symfony/finder": "^5.0|^6.0",
                "symfony/process": "^5.0|^6.0",
                "symfony/var-exporter": "^5.2|^6.0"
            },
            "type": "library",
            "autoload": {
                "psr-4": {
                    "Giggsey\\Locale\\": "src/"
                }
            },
            "notification-url": "https://packagist.org/downloads/",
            "license": [
                "MIT"
            ],
            "authors": [
                {
                    "name": "Joshua Gigg",
                    "email": "giggsey@gmail.com",
                    "homepage": "https://giggsey.com/"
                }
            ],
            "description": "Locale functions required by libphonenumber-for-php",
            "support": {
                "issues": "https://github.com/giggsey/Locale/issues",
                "source": "https://github.com/giggsey/Locale/tree/2.7.0"
            },
            "time": "2024-11-04T11:18:07+00:00"
        },
        {
            "name": "php-curl-class/php-curl-class",
            "version": "11.0.0",
            "source": {
                "type": "git",
                "url": "https://github.com/php-curl-class/php-curl-class.git",
                "reference": "db6f650c474c9ee01675f7657b2390eba9520e1a"
            },
            "dist": {
                "type": "zip",
                "url": "https://api.github.com/repos/php-curl-class/php-curl-class/zipball/db6f650c474c9ee01675f7657b2390eba9520e1a",
                "reference": "db6f650c474c9ee01675f7657b2390eba9520e1a",
                "shasum": ""
            },
            "require": {
                "ext-curl": "*",
                "php": ">=7.4"
            },
            "require-dev": {
                "dealerdirect/phpcodesniffer-composer-installer": "*",
                "ext-gd": "*",
                "friendsofphp/php-cs-fixer": "*",
                "phpcompatibility/php-compatibility": "dev-develop",
                "phpcsstandards/phpcsutils": "@alpha",
                "phpunit/phpunit": "*",
                "squizlabs/php_codesniffer": "*",
                "vimeo/psalm": ">=5.25.0"
            },
            "suggest": {
                "ext-mbstring": "*"
            },
            "type": "library",
            "autoload": {
                "psr-4": {
                    "Curl\\": "src/Curl/"
                }
            },
            "notification-url": "https://packagist.org/downloads/",
            "license": [
                "Unlicense"
            ],
            "authors": [
                {
                    "name": "Zach Borboa"
                },
                {
                    "name": "Contributors",
                    "homepage": "https://github.com/php-curl-class/php-curl-class/graphs/contributors"
                }
            ],
            "description": "PHP Curl Class makes it easy to send HTTP requests and integrate with web APIs.",
            "homepage": "https://github.com/php-curl-class/php-curl-class",
            "keywords": [
                "API-Client",
                "api",
                "class",
                "client",
                "curl",
                "framework",
                "http",
                "http-client",
                "http-proxy",
                "json",
                "php",
                "php-curl",
                "php-curl-library",
                "proxy",
                "requests",
                "restful",
                "web-scraper",
                "web-scraping ",
                "web-service",
                "xml"
            ],
            "support": {
                "issues": "https://github.com/php-curl-class/php-curl-class/issues",
                "source": "https://github.com/php-curl-class/php-curl-class/tree/11.0.0"
            },
            "time": "2024-08-22T18:03:48+00:00"
        },
        {
            "name": "psr/log",
            "version": "3.0.2",
            "source": {
                "type": "git",
                "url": "https://github.com/php-fig/log.git",
                "reference": "f16e1d5863e37f8d8c2a01719f5b34baa2b714d3"
            },
            "dist": {
                "type": "zip",
                "url": "https://api.github.com/repos/php-fig/log/zipball/f16e1d5863e37f8d8c2a01719f5b34baa2b714d3",
                "reference": "f16e1d5863e37f8d8c2a01719f5b34baa2b714d3",
                "shasum": ""
            },
            "require": {
                "php": ">=8.0.0"
            },
            "type": "library",
            "extra": {
                "branch-alias": {
                    "dev-master": "3.x-dev"
                }
            },
            "autoload": {
                "psr-4": {
                    "Psr\\Log\\": "src"
                }
            },
            "notification-url": "https://packagist.org/downloads/",
            "license": [
                "MIT"
            ],
            "authors": [
                {
                    "name": "PHP-FIG",
                    "homepage": "https://www.php-fig.org/"
                }
            ],
            "description": "Common interface for logging libraries",
            "homepage": "https://github.com/php-fig/log",
            "keywords": [
                "log",
                "psr",
                "psr-3"
            ],
            "support": {
                "source": "https://github.com/php-fig/log/tree/3.0.2"
            },
            "time": "2024-09-11T13:17:53+00:00"
        },
        {
            "name": "symfony/polyfill-mbstring",
            "version": "v1.31.0",
            "source": {
                "type": "git",
                "url": "https://github.com/symfony/polyfill-mbstring.git",
                "reference": "85181ba99b2345b0ef10ce42ecac37612d9fd341"
            },
            "dist": {
                "type": "zip",
                "url": "https://api.github.com/repos/symfony/polyfill-mbstring/zipball/85181ba99b2345b0ef10ce42ecac37612d9fd341",
                "reference": "85181ba99b2345b0ef10ce42ecac37612d9fd341",
                "shasum": ""
            },
            "require": {
                "php": ">=7.2"
            },
            "provide": {
                "ext-mbstring": "*"
            },
            "suggest": {
                "ext-mbstring": "For best performance"
            },
            "type": "library",
            "extra": {
                "thanks": {
                    "url": "https://github.com/symfony/polyfill",
                    "name": "symfony/polyfill"
                }
            },
            "autoload": {
                "files": [
                    "bootstrap.php"
                ],
                "psr-4": {
                    "Symfony\\Polyfill\\Mbstring\\": ""
                }
            },
            "notification-url": "https://packagist.org/downloads/",
            "license": [
                "MIT"
            ],
            "authors": [
                {
                    "name": "Nicolas Grekas",
                    "email": "p@tchwork.com"
                },
                {
                    "name": "Symfony Community",
                    "homepage": "https://symfony.com/contributors"
                }
            ],
            "description": "Symfony polyfill for the Mbstring extension",
            "homepage": "https://symfony.com",
            "keywords": [
                "compatibility",
                "mbstring",
                "polyfill",
                "portable",
                "shim"
            ],
            "support": {
                "source": "https://github.com/symfony/polyfill-mbstring/tree/v1.31.0"
            },
            "funding": [
                {
                    "url": "https://symfony.com/sponsor",
                    "type": "custom"
                },
                {
                    "url": "https://github.com/fabpot",
                    "type": "github"
                },
                {
                    "url": "https://tidelift.com/funding/github/packagist/symfony/symfony",
                    "type": "tidelift"
                }
            ],
            "time": "2024-09-09T11:45:10+00:00"
        }
    ],
    "packages-dev": [
        {
            "name": "ccv/images",
            "version": "1.1.4",
            "source": {
                "type": "git",
                "url": "https://github.com/CCV/ccvonlinepayments-images.git",
                "reference": "467be685b9c71c96cfe7ec654cec49e8b0ea81e0"
            },
            "dist": {
                "type": "zip",
                "url": "https://api.github.com/repos/CCV/ccvonlinepayments-images/zipball/467be685b9c71c96cfe7ec654cec49e8b0ea81e0",
                "reference": "467be685b9c71c96cfe7ec654cec49e8b0ea81e0",
                "shasum": ""
            },
            "type": "library",
            "notification-url": "https://packagist.org/downloads/",
            "license": [
                "MIT"
            ],
            "description": "Payment resources library used by the official CCV Payment Services plugins",
            "homepage": "https://github.com/CCV/ccvonlinepayments-images",
            "keywords": [
                "ccv",
                "library",
                "payments",
                "resources"
            ],
            "support": {
                "issues": "https://github.com/CCV/ccvonlinepayments-images/issues",
                "source": "https://github.com/CCV/ccvonlinepayments-images/tree/v1.1.4"
            },
            "time": "2024-07-29T08:31:33+00:00"
        }
    ],
    "aliases": [],
    "minimum-stability": "stable",
    "stability-flags": {},
    "prefer-stable": false,
    "prefer-lowest": false,
    "platform": {},
    "platform-dev": {},
    "plugin-api-version": "2.6.0"
}
